
Microsoft Visual Studio Solution File, Format Version 12.00
# Visual Studio 15
VisualStudioVersion = 15.0.27004.2010
MinimumVisualStudioVersion = 10.0.40219.1
Project("{FAE04EC0-301F-11D3-BF4B-00C04F79EFBC}") = "SWD2Randomizer", "SWD2Randomizer\SWD2Randomizer.csproj", "{940378BE-3C4D-4A81-AAE5-3191DA24C9C9}"
EndProject
Global
	GlobalSection(SolutionConfigurationPlatforms) = preSolution
		Debug|Any CPU = Debug|Any CPU
		Release|Any CPU = Release|Any CPU
	EndGlobalSection
	GlobalSection(ProjectConfigurationPlatforms) = postSolution
		{940378BE-3C4D-4A81-AAE5-3191DA24C9C9}.Debug|Any CPU.ActiveCfg = Debug|Any CPU
		{940378BE-3C4D-4A81-AAE5-3191DA24C9C9}.Debug|Any CPU.Build.0 = Debug|Any CPU
		{940378BE-3C4D-4A81-AAE5-3191DA24C9C9}.Release|Any CPU.ActiveCfg = Release|Any CPU
		{940378BE-3C4D-4A81-AAE5-3191DA24C9C9}.Release|Any CPU.Build.0 = Release|Any CPU
	EndGlobalSection
	GlobalSection(SolutionProperties) = preSolution
		HideSolutionNode = FALSE
	EndGlobalSection
	GlobalSection(ExtensibilityGlobals) = postSolution
		SolutionGuid = {5EB34E87-EAA6-467D-91D1-2DF1C0A54970}
	EndGlobalSection
EndGlobal
